
Microsoft Visual Studio Solution File, Format Version 12.00
# Visual Studio Version 17
VisualStudioVersion = 17.8.34309.116
MinimumVisualStudioVersion = 10.0.40219.1
Project("{9A19103F-16F7-4668-BE54-9A1E7A4F7556}") = "Web", "Src\Web\Web.csproj", "{2A52A9D6-FE89-4F0F-AD07-CCB48EDFC5F8}"
EndProject
Project("{2150E333-8FDC-42A3-9474-1A3956D46DE8}") = "Src", "Src", "{CF23D902-A6B2-4233-8B99-FAAED57AF703}"
	ProjectSection(SolutionItems) = preProject
		todo.cs = todo.cs
	EndProjectSection
EndProject
Project("{9A19103F-16F7-4668-BE54-9A1E7A4F7556}") = "WebApi", "Src\WebApi\WebApi.csproj", "{256DED16-48C6-4626-A28C-51E9B3CB4BC8}"
	ProjectSection(ProjectDependencies) = postProject
		{2A52A9D6-FE89-4F0F-AD07-CCB48EDFC5F8} = {2A52A9D6-FE89-4F0F-AD07-CCB48EDFC5F8}
	EndProjectSection
EndProject
Project("{9A19103F-16F7-4668-BE54-9A1E7A4F7556}") = "Infra", "Src\Infra\Infra.csproj", "{0D8F5863-C8B1-486C-A864-EE9CAA4D0EFA}"
	ProjectSection(ProjectDependencies) = postProject
		{09CFC20F-DCAF-4D29-9FD1-7E41EE8529E5} = {09CFC20F-DCAF-4D29-9FD1-7E41EE8529E5}
	EndProjectSection
EndProject
Project("{2150E333-8FDC-42A3-9474-1A3956D46DE8}") = "Solution Items", "Solution Items", "{3E954EB8-E818-455A-A286-98D08F241C14}"
EndProject
Project("{9A19103F-16F7-4668-BE54-9A1E7A4F7556}") = "Core", "Src\Core\Core.csproj", "{09CFC20F-DCAF-4D29-9FD1-7E41EE8529E5}"
EndProject
Project("{2150E333-8FDC-42A3-9474-1A3956D46DE8}") = "Tests", "Tests", "{B27DA884-EC40-435D-B795-9229B7BBA91D}"
EndProject
Project("{9A19103F-16F7-4668-BE54-9A1E7A4F7556}") = "IntegrationTests", "src\Tests\IntegrationTests\IntegrationTests.csproj", "{C34C913B-CB68-464A-81CC-9A580D1B8B38}"
EndProject
Project("{9A19103F-16F7-4668-BE54-9A1E7A4F7556}") = "UnitTests", "src\Tests\UnitTests\UnitTests.csproj", "{61744B2C-F51E-4B24-94ED-37F35337A358}"
EndProject
Project("{9A19103F-16F7-4668-BE54-9A1E7A4F7556}") = "App", "src\App\App.csproj", "{64A08209-4194-4F08-B65B-03710352FD4F}"
EndProject
Global
	GlobalSection(SolutionConfigurationPlatforms) = preSolution
		Debug|Any CPU = Debug|Any CPU
		Release|Any CPU = Release|Any CPU
	EndGlobalSection
	GlobalSection(ProjectConfigurationPlatforms) = postSolution
		{2A52A9D6-FE89-4F0F-AD07-CCB48EDFC5F8}.Debug|Any CPU.ActiveCfg = Debug|Any CPU
		{2A52A9D6-FE89-4F0F-AD07-CCB48EDFC5F8}.Debug|Any CPU.Build.0 = Debug|Any CPU
		{2A52A9D6-FE89-4F0F-AD07-CCB48EDFC5F8}.Release|Any CPU.ActiveCfg = Release|Any CPU
		{2A52A9D6-FE89-4F0F-AD07-CCB48EDFC5F8}.Release|Any CPU.Build.0 = Release|Any CPU
		{256DED16-48C6-4626-A28C-51E9B3CB4BC8}.Debug|Any CPU.ActiveCfg = Debug|Any CPU
		{256DED16-48C6-4626-A28C-51E9B3CB4BC8}.Debug|Any CPU.Build.0 = Debug|Any CPU
		{256DED16-48C6-4626-A28C-51E9B3CB4BC8}.Release|Any CPU.ActiveCfg = Release|Any CPU
		{256DED16-48C6-4626-A28C-51E9B3CB4BC8}.Release|Any CPU.Build.0 = Release|Any CPU
		{0D8F5863-C8B1-486C-A864-EE9CAA4D0EFA}.Debug|Any CPU.ActiveCfg = Debug|Any CPU
		{0D8F5863-C8B1-486C-A864-EE9CAA4D0EFA}.Debug|Any CPU.Build.0 = Debug|Any CPU
		{0D8F5863-C8B1-486C-A864-EE9CAA4D0EFA}.Release|Any CPU.ActiveCfg = Release|Any CPU
		{0D8F5863-C8B1-486C-A864-EE9CAA4D0EFA}.Release|Any CPU.Build.0 = Release|Any CPU
		{09CFC20F-DCAF-4D29-9FD1-7E41EE8529E5}.Debug|Any CPU.ActiveCfg = Debug|Any CPU
		{09CFC20F-DCAF-4D29-9FD1-7E41EE8529E5}.Debug|Any CPU.Build.0 = Debug|Any CPU
		{09CFC20F-DCAF-4D29-9FD1-7E41EE8529E5}.Release|Any CPU.ActiveCfg = Release|Any CPU
		{09CFC20F-DCAF-4D29-9FD1-7E41EE8529E5}.Release|Any CPU.Build.0 = Release|Any CPU
		{C34C913B-CB68-464A-81CC-9A580D1B8B38}.Debug|Any CPU.ActiveCfg = Debug|Any CPU
		{C34C913B-CB68-464A-81CC-9A580D1B8B38}.Debug|Any CPU.Build.0 = Debug|Any CPU
		{C34C913B-CB68-464A-81CC-9A580D1B8B38}.Release|Any CPU.ActiveCfg = Release|Any CPU
		{C34C913B-CB68-464A-81CC-9A580D1B8B38}.Release|Any CPU.Build.0 = Release|Any CPU
		{61744B2C-F51E-4B24-94ED-37F35337A358}.Debug|Any CPU.ActiveCfg = Debug|Any CPU
		{61744B2C-F51E-4B24-94ED-37F35337A358}.Debug|Any CPU.Build.0 = Debug|Any CPU
		{61744B2C-F51E-4B24-94ED-37F35337A358}.Release|Any CPU.ActiveCfg = Release|Any CPU
		{61744B2C-F51E-4B24-94ED-37F35337A358}.Release|Any CPU.Build.0 = Release|Any CPU
		{64A08209-4194-4F08-B65B-03710352FD4F}.Debug|Any CPU.ActiveCfg = Debug|Any CPU
		{64A08209-4194-4F08-B65B-03710352FD4F}.Debug|Any CPU.Build.0 = Debug|Any CPU
		{64A08209-4194-4F08-B65B-03710352FD4F}.Release|Any CPU.ActiveCfg = Release|Any CPU
		{64A08209-4194-4F08-B65B-03710352FD4F}.Release|Any CPU.Build.0 = Release|Any CPU
	EndGlobalSection
	GlobalSection(SolutionProperties) = preSolution
		HideSolutionNode = FALSE
	EndGlobalSection
	GlobalSection(NestedProjects) = preSolution
		{2A52A9D6-FE89-4F0F-AD07-CCB48EDFC5F8} = {CF23D902-A6B2-4233-8B99-FAAED57AF703}
		{256DED16-48C6-4626-A28C-51E9B3CB4BC8} = {CF23D902-A6B2-4233-8B99-FAAED57AF703}
		{0D8F5863-C8B1-486C-A864-EE9CAA4D0EFA} = {CF23D902-A6B2-4233-8B99-FAAED57AF703}
		{09CFC20F-DCAF-4D29-9FD1-7E41EE8529E5} = {CF23D902-A6B2-4233-8B99-FAAED57AF703}
		{B27DA884-EC40-435D-B795-9229B7BBA91D} = {CF23D902-A6B2-4233-8B99-FAAED57AF703}
		{C34C913B-CB68-464A-81CC-9A580D1B8B38} = {B27DA884-EC40-435D-B795-9229B7BBA91D}
		{61744B2C-F51E-4B24-94ED-37F35337A358} = {B27DA884-EC40-435D-B795-9229B7BBA91D}
		{64A08209-4194-4F08-B65B-03710352FD4F} = {CF23D902-A6B2-4233-8B99-FAAED57AF703}
	EndGlobalSection
	GlobalSection(ExtensibilityGlobals) = postSolution
		SolutionGuid = {908474D3-ED25-4B07-B35A-8A560DF585BC}
	EndGlobalSection
EndGlobal
